
Microsoft Visual Studio Solution File, Format Version 12.00
# Visual Studio Version 17
VisualStudioVersion = 17.0.31903.59
MinimumVisualStudioVersion = 10.0.40219.1
Project("{FAE04EC0-301F-11D3-BF4B-00C04F79EFBC}") = "test2", "test2\test2.csproj", "{9E2497A2-4240-4A2C-BB0D-41382E532235}"
EndProject
Global
	GlobalSection(SolutionConfigurationPlatforms) = preSolution
		Debug|Any CPU = Debug|Any CPU
		Release|Any CPU = Release|Any CPU
	EndGlobalSection
	GlobalSection(ProjectConfigurationPlatforms) = postSolution
		{9E2497A2-4240-4A2C-BB0D-41382E532235}.Debug|Any CPU.ActiveCfg = Debug|Any CPU
		{9E2497A2-4240-4A2C-BB0D-41382E532235}.Debug|Any CPU.Build.0 = Debug|Any CPU
		{9E2497A2-4240-4A2C-BB0D-41382E532235}.Release|Any CPU.ActiveCfg = Release|Any CPU
		{9E2497A2-4240-4A2C-BB0D-41382E532235}.Release|Any CPU.Build.0 = Release|Any CPU
	EndGlobalSection
	GlobalSection(SolutionProperties) = preSolution
		HideSolutionNode = FALSE
	EndGlobalSection
	GlobalSection(ExtensibilityGlobals) = postSolution
		SolutionGuid = {FDCF3D83-1A27-4FF0-A53A-D8DDF61EB658}
	EndGlobalSection
EndGlobal
